
Microsoft Visual Studio Solution File, Format Version 12.00
# Visual Studio Version 17
VisualStudioVersion = 17.13.35825.156 d17.13
MinimumVisualStudioVersion = 10.0.40219.1
Project("{8BC9CEB8-8B4A-11D0-8D11-00A0C91BC942}") = "ConsoleApplicationTeste", "ConsoleApplicationTeste.vcxproj", "{416896E2-4D61-01ED-D028-CCEFE5C7AAB3}"
EndProject
Global
	GlobalSection(SolutionConfigurationPlatforms) = preSolution
		Debug|x64 = Debug|x64
		Debug|x86 = Debug|x86
		Release|x64 = Release|x64
		Release|x86 = Release|x86
	EndGlobalSection
	GlobalSection(ProjectConfigurationPlatforms) = postSolution
		{416896E2-4D61-01ED-D028-CCEFE5C7AAB3}.Debug|x64.ActiveCfg = Debug|x64
		{416896E2-4D61-01ED-D028-CCEFE5C7AAB3}.Debug|x64.Build.0 = Debug|x64
		{416896E2-4D61-01ED-D028-CCEFE5C7AAB3}.Debug|x86.ActiveCfg = Debug|Win32
		{416896E2-4D61-01ED-D028-CCEFE5C7AAB3}.Debug|x86.Build.0 = Debug|Win32
		{416896E2-4D61-01ED-D028-CCEFE5C7AAB3}.Release|x64.ActiveCfg = Release|x64
		{416896E2-4D61-01ED-D028-CCEFE5C7AAB3}.Release|x64.Build.0 = Release|x64
		{416896E2-4D61-01ED-D028-CCEFE5C7AAB3}.Release|x86.ActiveCfg = Release|Win32
		{416896E2-4D61-01ED-D028-CCEFE5C7AAB3}.Release|x86.Build.0 = Release|Win32
	EndGlobalSection
	GlobalSection(SolutionProperties) = preSolution
		HideSolutionNode = FALSE
	EndGlobalSection
	GlobalSection(ExtensibilityGlobals) = postSolution
		SolutionGuid = {9D4C98D5-75EC-4C89-9732-4D38E611E28B}
	EndGlobalSection
EndGlobal
